
Microsoft Visual Studio Solution File, Format Version 12.00
# Visual Studio Version 16
VisualStudioVersion = 16.0.30907.101
MinimumVisualStudioVersion = 10.0.40219.1
Project("{9A19103F-16F7-4668-BE54-9A1E7A4F7556}") = "KaspiLab_HW", "ConsoleApp\KaspiLab_HW.csproj", "{F7D85942-ABF7-4D57-BAF2-994717CBBFE8}"
EndProject
Project("{9A19103F-16F7-4668-BE54-9A1E7A4F7556}") = "KaspiLift", "KaspiLift\KaspiLift.csproj", "{ED801D3A-DC1D-4F8E-88E4-2AC07F729F6D}"
EndProject
Project("{9A19103F-16F7-4668-BE54-9A1E7A4F7556}") = "KaspiWareHouse", "KaspiWareHouse\KaspiWareHouse.csproj", "{59430868-6F36-495B-8A46-549EBE647714}"
EndProject
Project("{FAE04EC0-301F-11D3-BF4B-00C04F79EFBC}") = "AdventureWorks.EF", "AdventureWorks.EF\AdventureWorks.EF.csproj", "{36347662-41D2-4B69-9922-47F24E7DCFAD}"
EndProject
Project("{FAE04EC0-301F-11D3-BF4B-00C04F79EFBC}") = "AdventureWorks.ConsoleApp", "AdventureWorks.ConsoleApp\AdventureWorks.ConsoleApp.csproj", "{ADF6ABDF-F2DC-4280-992A-F5327ED8D5CA}"
EndProject
Project("{FAE04EC0-301F-11D3-BF4B-00C04F79EFBC}") = "AdventureWorks.Repository", "AdventureWorks.Repository\AdventureWorks.Repository.csproj", "{74A63B4B-BC3C-4227-9360-2B74AAB57CDD}"
EndProject
Project("{FAE04EC0-301F-11D3-BF4B-00C04F79EFBC}") = "AdventureWorks.UnitOfWork", "AdventureWorks.UnitOfWork\AdventureWorks.UnitOfWork.csproj", "{E7E5427E-8D8E-4479-A724-0C6B81CDC1DC}"
EndProject
Project("{2150E333-8FDC-42A3-9474-1A3956D46DE8}") = "AdventureWorks", "AdventureWorks", "{A91A9BD1-A3E9-4F3B-9AE2-171973C30D13}"
EndProject
Project("{2150E333-8FDC-42A3-9474-1A3956D46DE8}") = "src", "src", "{7DD09E5D-7A9D-4164-8FC9-61916582A5E0}"
EndProject
Project("{2150E333-8FDC-42A3-9474-1A3956D46DE8}") = "tests", "tests", "{3AD66F09-0228-4078-8276-D6F62AB8D62D}"
EndProject
Project("{FAE04EC0-301F-11D3-BF4B-00C04F79EFBC}") = "AdventureWorks.Web", "AdventureWorks.Web\AdventureWorks.Web.csproj", "{2AFC48D4-062C-4C72-88A7-60EB9C7B8F5D}"
EndProject
Project("{FAE04EC0-301F-11D3-BF4B-00C04F79EFBC}") = "AdventureWorks.BL", "AdventureWorks.BL\AdventureWorks.BL.csproj", "{155216C6-26BE-4B26-9431-13A67BE5A341}"
EndProject
Project("{FAE04EC0-301F-11D3-BF4B-00C04F79EFBC}") = "AdventureWorks.DTO", "AdventureWorks.DTO\AdventureWorks.DTO.csproj", "{DD15CBFD-DF12-4E46-8209-406CCE6B80A6}"
EndProject
Project("{FAE04EC0-301F-11D3-BF4B-00C04F79EFBC}") = "AdventureWorks.Auth", "AdventureWorks.Auth\AdventureWorks.Auth.csproj", "{9DDAF634-169E-4F0A-A66E-56C06D93C17A}"
EndProject
Project("{2150E333-8FDC-42A3-9474-1A3956D46DE8}") = "BLL", "BLL", "{4F74ECED-9EBC-48C5-A895-F7AA02006814}"
EndProject
Project("{2150E333-8FDC-42A3-9474-1A3956D46DE8}") = "DAL", "DAL", "{E13F575F-DCBF-4223-B86A-36EF8D9E9835}"
EndProject
Project("{2150E333-8FDC-42A3-9474-1A3956D46DE8}") = "PL", "PL", "{6EFCA287-BB86-4A05-93E5-3976170DA4E0}"
EndProject
Project("{2150E333-8FDC-42A3-9474-1A3956D46DE8}") = "Console", "Console", "{EC1497BB-6FD4-47E1-A56A-78E281A90CEC}"
EndProject
Project("{2150E333-8FDC-42A3-9474-1A3956D46DE8}") = "WCF", "WCF", "{AAA80BB8-4439-48C1-859A-45A02215F448}"
EndProject
Project("{FAE04EC0-301F-11D3-BF4B-00C04F79EFBC}") = "AdventureWorks.Service", "AdventureWorks.Service\AdventureWorks.Service.csproj", "{8D031B29-05B4-4D73-871C-0F698343DA86}"
EndProject
Project("{FAE04EC0-301F-11D3-BF4B-00C04F79EFBC}") = "AdventureWorks.IService", "AdventureWorks.IService\AdventureWorks.IService.csproj", "{26EFFB18-0EE8-4B6C-8B12-0DF675460617}"
EndProject
Project("{FAE04EC0-301F-11D3-BF4B-00C04F79EFBC}") = "AdventureWorks.Host", "AdventureWorks.Host\AdventureWorks.Host.csproj", "{724B6001-B5FB-42FC-9A0D-4DE4CCE1EAF7}"
EndProject
Global
	GlobalSection(SolutionConfigurationPlatforms) = preSolution
		Debug|Any CPU = Debug|Any CPU
		Release|Any CPU = Release|Any CPU
	EndGlobalSection
	GlobalSection(ProjectConfigurationPlatforms) = postSolution
		{F7D85942-ABF7-4D57-BAF2-994717CBBFE8}.Debug|Any CPU.ActiveCfg = Debug|Any CPU
		{F7D85942-ABF7-4D57-BAF2-994717CBBFE8}.Release|Any CPU.ActiveCfg = Release|Any CPU
		{F7D85942-ABF7-4D57-BAF2-994717CBBFE8}.Release|Any CPU.Build.0 = Release|Any CPU
		{ED801D3A-DC1D-4F8E-88E4-2AC07F729F6D}.Debug|Any CPU.ActiveCfg = Debug|Any CPU
		{ED801D3A-DC1D-4F8E-88E4-2AC07F729F6D}.Release|Any CPU.ActiveCfg = Release|Any CPU
		{ED801D3A-DC1D-4F8E-88E4-2AC07F729F6D}.Release|Any CPU.Build.0 = Release|Any CPU
		{59430868-6F36-495B-8A46-549EBE647714}.Debug|Any CPU.ActiveCfg = Debug|Any CPU
		{59430868-6F36-495B-8A46-549EBE647714}.Release|Any CPU.ActiveCfg = Release|Any CPU
		{59430868-6F36-495B-8A46-549EBE647714}.Release|Any CPU.Build.0 = Release|Any CPU
		{36347662-41D2-4B69-9922-47F24E7DCFAD}.Debug|Any CPU.ActiveCfg = Debug|Any CPU
		{36347662-41D2-4B69-9922-47F24E7DCFAD}.Debug|Any CPU.Build.0 = Debug|Any CPU
		{36347662-41D2-4B69-9922-47F24E7DCFAD}.Release|Any CPU.ActiveCfg = Release|Any CPU
		{36347662-41D2-4B69-9922-47F24E7DCFAD}.Release|Any CPU.Build.0 = Release|Any CPU
		{ADF6ABDF-F2DC-4280-992A-F5327ED8D5CA}.Debug|Any CPU.ActiveCfg = Debug|Any CPU
		{ADF6ABDF-F2DC-4280-992A-F5327ED8D5CA}.Debug|Any CPU.Build.0 = Debug|Any CPU
		{ADF6ABDF-F2DC-4280-992A-F5327ED8D5CA}.Release|Any CPU.ActiveCfg = Release|Any CPU
		{ADF6ABDF-F2DC-4280-992A-F5327ED8D5CA}.Release|Any CPU.Build.0 = Release|Any CPU
		{74A63B4B-BC3C-4227-9360-2B74AAB57CDD}.Debug|Any CPU.ActiveCfg = Debug|Any CPU
		{74A63B4B-BC3C-4227-9360-2B74AAB57CDD}.Debug|Any CPU.Build.0 = Debug|Any CPU
		{74A63B4B-BC3C-4227-9360-2B74AAB57CDD}.Release|Any CPU.ActiveCfg = Release|Any CPU
		{74A63B4B-BC3C-4227-9360-2B74AAB57CDD}.Release|Any CPU.Build.0 = Release|Any CPU
		{E7E5427E-8D8E-4479-A724-0C6B81CDC1DC}.Debug|Any CPU.ActiveCfg = Debug|Any CPU
		{E7E5427E-8D8E-4479-A724-0C6B81CDC1DC}.Debug|Any CPU.Build.0 = Debug|Any CPU
		{E7E5427E-8D8E-4479-A724-0C6B81CDC1DC}.Release|Any CPU.ActiveCfg = Release|Any CPU
		{E7E5427E-8D8E-4479-A724-0C6B81CDC1DC}.Release|Any CPU.Build.0 = Release|Any CPU
		{2AFC48D4-062C-4C72-88A7-60EB9C7B8F5D}.Debug|Any CPU.ActiveCfg = Debug|Any CPU
		{2AFC48D4-062C-4C72-88A7-60EB9C7B8F5D}.Debug|Any CPU.Build.0 = Debug|Any CPU
		{2AFC48D4-062C-4C72-88A7-60EB9C7B8F5D}.Release|Any CPU.ActiveCfg = Release|Any CPU
		{2AFC48D4-062C-4C72-88A7-60EB9C7B8F5D}.Release|Any CPU.Build.0 = Release|Any CPU
		{155216C6-26BE-4B26-9431-13A67BE5A341}.Debug|Any CPU.ActiveCfg = Debug|Any CPU
		{155216C6-26BE-4B26-9431-13A67BE5A341}.Debug|Any CPU.Build.0 = Debug|Any CPU
		{155216C6-26BE-4B26-9431-13A67BE5A341}.Release|Any CPU.ActiveCfg = Release|Any CPU
		{155216C6-26BE-4B26-9431-13A67BE5A341}.Release|Any CPU.Build.0 = Release|Any CPU
		{DD15CBFD-DF12-4E46-8209-406CCE6B80A6}.Debug|Any CPU.ActiveCfg = Debug|Any CPU
		{DD15CBFD-DF12-4E46-8209-406CCE6B80A6}.Debug|Any CPU.Build.0 = Debug|Any CPU
		{DD15CBFD-DF12-4E46-8209-406CCE6B80A6}.Release|Any CPU.ActiveCfg = Release|Any CPU
		{DD15CBFD-DF12-4E46-8209-406CCE6B80A6}.Release|Any CPU.Build.0 = Release|Any CPU
		{9DDAF634-169E-4F0A-A66E-56C06D93C17A}.Debug|Any CPU.ActiveCfg = Debug|Any CPU
		{9DDAF634-169E-4F0A-A66E-56C06D93C17A}.Debug|Any CPU.Build.0 = Debug|Any CPU
		{9DDAF634-169E-4F0A-A66E-56C06D93C17A}.Release|Any CPU.ActiveCfg = Release|Any CPU
		{9DDAF634-169E-4F0A-A66E-56C06D93C17A}.Release|Any CPU.Build.0 = Release|Any CPU
		{8D031B29-05B4-4D73-871C-0F698343DA86}.Debug|Any CPU.ActiveCfg = Debug|Any CPU
		{8D031B29-05B4-4D73-871C-0F698343DA86}.Debug|Any CPU.Build.0 = Debug|Any CPU
		{8D031B29-05B4-4D73-871C-0F698343DA86}.Release|Any CPU.ActiveCfg = Release|Any CPU
		{8D031B29-05B4-4D73-871C-0F698343DA86}.Release|Any CPU.Build.0 = Release|Any CPU
		{26EFFB18-0EE8-4B6C-8B12-0DF675460617}.Debug|Any CPU.ActiveCfg = Debug|Any CPU
		{26EFFB18-0EE8-4B6C-8B12-0DF675460617}.Debug|Any CPU.Build.0 = Debug|Any CPU
		{26EFFB18-0EE8-4B6C-8B12-0DF675460617}.Release|Any CPU.ActiveCfg = Release|Any CPU
		{26EFFB18-0EE8-4B6C-8B12-0DF675460617}.Release|Any CPU.Build.0 = Release|Any CPU
		{724B6001-B5FB-42FC-9A0D-4DE4CCE1EAF7}.Debug|Any CPU.ActiveCfg = Debug|Any CPU
		{724B6001-B5FB-42FC-9A0D-4DE4CCE1EAF7}.Debug|Any CPU.Build.0 = Debug|Any CPU
		{724B6001-B5FB-42FC-9A0D-4DE4CCE1EAF7}.Release|Any CPU.ActiveCfg = Release|Any CPU
		{724B6001-B5FB-42FC-9A0D-4DE4CCE1EAF7}.Release|Any CPU.Build.0 = Release|Any CPU
	EndGlobalSection
	GlobalSection(SolutionProperties) = preSolution
		HideSolutionNode = FALSE
	EndGlobalSection
	GlobalSection(NestedProjects) = preSolution
		{36347662-41D2-4B69-9922-47F24E7DCFAD} = {E13F575F-DCBF-4223-B86A-36EF8D9E9835}
		{ADF6ABDF-F2DC-4280-992A-F5327ED8D5CA} = {EC1497BB-6FD4-47E1-A56A-78E281A90CEC}
		{74A63B4B-BC3C-4227-9360-2B74AAB57CDD} = {E13F575F-DCBF-4223-B86A-36EF8D9E9835}
		{E7E5427E-8D8E-4479-A724-0C6B81CDC1DC} = {E13F575F-DCBF-4223-B86A-36EF8D9E9835}
		{7DD09E5D-7A9D-4164-8FC9-61916582A5E0} = {A91A9BD1-A3E9-4F3B-9AE2-171973C30D13}
		{3AD66F09-0228-4078-8276-D6F62AB8D62D} = {A91A9BD1-A3E9-4F3B-9AE2-171973C30D13}
		{2AFC48D4-062C-4C72-88A7-60EB9C7B8F5D} = {6EFCA287-BB86-4A05-93E5-3976170DA4E0}
		{155216C6-26BE-4B26-9431-13A67BE5A341} = {4F74ECED-9EBC-48C5-A895-F7AA02006814}
		{DD15CBFD-DF12-4E46-8209-406CCE6B80A6} = {4F74ECED-9EBC-48C5-A895-F7AA02006814}
		{9DDAF634-169E-4F0A-A66E-56C06D93C17A} = {4F74ECED-9EBC-48C5-A895-F7AA02006814}
		{4F74ECED-9EBC-48C5-A895-F7AA02006814} = {7DD09E5D-7A9D-4164-8FC9-61916582A5E0}
		{E13F575F-DCBF-4223-B86A-36EF8D9E9835} = {7DD09E5D-7A9D-4164-8FC9-61916582A5E0}
		{6EFCA287-BB86-4A05-93E5-3976170DA4E0} = {7DD09E5D-7A9D-4164-8FC9-61916582A5E0}
		{EC1497BB-6FD4-47E1-A56A-78E281A90CEC} = {7DD09E5D-7A9D-4164-8FC9-61916582A5E0}
		{AAA80BB8-4439-48C1-859A-45A02215F448} = {7DD09E5D-7A9D-4164-8FC9-61916582A5E0}
		{8D031B29-05B4-4D73-871C-0F698343DA86} = {AAA80BB8-4439-48C1-859A-45A02215F448}
		{26EFFB18-0EE8-4B6C-8B12-0DF675460617} = {AAA80BB8-4439-48C1-859A-45A02215F448}
		{724B6001-B5FB-42FC-9A0D-4DE4CCE1EAF7} = {AAA80BB8-4439-48C1-859A-45A02215F448}
	EndGlobalSection
	GlobalSection(ExtensibilityGlobals) = postSolution
		SolutionGuid = {2CEA6A4B-B544-4B3D-BBB4-17C7775E91B6}
	EndGlobalSection
EndGlobal
