
Microsoft Visual Studio Solution File, Format Version 12.00
# Visual Studio Version 16
VisualStudioVersion = 16.0.30907.101
MinimumVisualStudioVersion = 10.0.40219.1
Project("{9A19103F-16F7-4668-BE54-9A1E7A4F7556}") = "KaspiLab_HW", "ConsoleApp\KaspiLab_HW.csproj", "{F7D85942-ABF7-4D57-BAF2-994717CBBFE8}"
EndProject
Project("{9A19103F-16F7-4668-BE54-9A1E7A4F7556}") = "KaspiLift", "KaspiLift\KaspiLift.csproj", "{ED801D3A-DC1D-4F8E-88E4-2AC07F729F6D}"
EndProject
Project("{9A19103F-16F7-4668-BE54-9A1E7A4F7556}") = "KaspiWareHouse", "KaspiWareHouse\KaspiWareHouse.csproj", "{59430868-6F36-495B-8A46-549EBE647714}"
EndProject
Project("{FAE04EC0-301F-11D3-BF4B-00C04F79EFBC}") = "AdventureWorks.EF", "AdventureWorks.EF\AdventureWorks.EF.csproj", "{36347662-41D2-4B69-9922-47F24E7DCFAD}"
EndProject
Project("{FAE04EC0-301F-11D3-BF4B-00C04F79EFBC}") = "AdventureWorks.ConsoleApp", "AdventureWorks.ConsoleApp\AdventureWorks.ConsoleApp.csproj", "{ADF6ABDF-F2DC-4280-992A-F5327ED8D5CA}"
EndProject
Project("{FAE04EC0-301F-11D3-BF4B-00C04F79EFBC}") = "AdventureWorks.Repository", "AdventureWorks.Repository\AdventureWorks.Repository.csproj", "{74A63B4B-BC3C-4227-9360-2B74AAB57CDD}"
EndProject
Project("{FAE04EC0-301F-11D3-BF4B-00C04F79EFBC}") = "AdventureWorks.UnitOfWork", "AdventureWorks.UnitOfWork\AdventureWorks.UnitOfWork.csproj", "{E7E5427E-8D8E-4479-A724-0C6B81CDC1DC}"
EndProject
Project("{2150E333-8FDC-42A3-9474-1A3956D46DE8}") = "AdventureWorks", "AdventureWorks", "{A91A9BD1-A3E9-4F3B-9AE2-171973C30D13}"
EndProject
Project("{2150E333-8FDC-42A3-9474-1A3956D46DE8}") = "src", "src", "{7DD09E5D-7A9D-4164-8FC9-61916582A5E0}"
EndProject
Project("{2150E333-8FDC-42A3-9474-1A3956D46DE8}") = "tests", "tests", "{3AD66F09-0228-4078-8276-D6F62AB8D62D}"
EndProject
Global
	GlobalSection(SolutionConfigurationPlatforms) = preSolution
		Debug|Any CPU = Debug|Any CPU
		Release|Any CPU = Release|Any CPU
	EndGlobalSection
	GlobalSection(ProjectConfigurationPlatforms) = postSolution
		{F7D85942-ABF7-4D57-BAF2-994717CBBFE8}.Debug|Any CPU.ActiveCfg = Debug|Any CPU
		{F7D85942-ABF7-4D57-BAF2-994717CBBFE8}.Debug|Any CPU.Build.0 = Debug|Any CPU
		{F7D85942-ABF7-4D57-BAF2-994717CBBFE8}.Release|Any CPU.ActiveCfg = Release|Any CPU
		{F7D85942-ABF7-4D57-BAF2-994717CBBFE8}.Release|Any CPU.Build.0 = Release|Any CPU
		{ED801D3A-DC1D-4F8E-88E4-2AC07F729F6D}.Debug|Any CPU.ActiveCfg = Debug|Any CPU
		{ED801D3A-DC1D-4F8E-88E4-2AC07F729F6D}.Debug|Any CPU.Build.0 = Debug|Any CPU
		{ED801D3A-DC1D-4F8E-88E4-2AC07F729F6D}.Release|Any CPU.ActiveCfg = Release|Any CPU
		{ED801D3A-DC1D-4F8E-88E4-2AC07F729F6D}.Release|Any CPU.Build.0 = Release|Any CPU
		{59430868-6F36-495B-8A46-549EBE647714}.Debug|Any CPU.ActiveCfg = Debug|Any CPU
		{59430868-6F36-495B-8A46-549EBE647714}.Debug|Any CPU.Build.0 = Debug|Any CPU
		{59430868-6F36-495B-8A46-549EBE647714}.Release|Any CPU.ActiveCfg = Release|Any CPU
		{59430868-6F36-495B-8A46-549EBE647714}.Release|Any CPU.Build.0 = Release|Any CPU
		{36347662-41D2-4B69-9922-47F24E7DCFAD}.Debug|Any CPU.ActiveCfg = Debug|Any CPU
		{36347662-41D2-4B69-9922-47F24E7DCFAD}.Debug|Any CPU.Build.0 = Debug|Any CPU
		{36347662-41D2-4B69-9922-47F24E7DCFAD}.Release|Any CPU.ActiveCfg = Release|Any CPU
		{36347662-41D2-4B69-9922-47F24E7DCFAD}.Release|Any CPU.Build.0 = Release|Any CPU
		{ADF6ABDF-F2DC-4280-992A-F5327ED8D5CA}.Debug|Any CPU.ActiveCfg = Debug|Any CPU
		{ADF6ABDF-F2DC-4280-992A-F5327ED8D5CA}.Debug|Any CPU.Build.0 = Debug|Any CPU
		{ADF6ABDF-F2DC-4280-992A-F5327ED8D5CA}.Release|Any CPU.ActiveCfg = Release|Any CPU
		{ADF6ABDF-F2DC-4280-992A-F5327ED8D5CA}.Release|Any CPU.Build.0 = Release|Any CPU
		{74A63B4B-BC3C-4227-9360-2B74AAB57CDD}.Debug|Any CPU.ActiveCfg = Debug|Any CPU
		{74A63B4B-BC3C-4227-9360-2B74AAB57CDD}.Debug|Any CPU.Build.0 = Debug|Any CPU
		{74A63B4B-BC3C-4227-9360-2B74AAB57CDD}.Release|Any CPU.ActiveCfg = Release|Any CPU
		{74A63B4B-BC3C-4227-9360-2B74AAB57CDD}.Release|Any CPU.Build.0 = Release|Any CPU
		{E7E5427E-8D8E-4479-A724-0C6B81CDC1DC}.Debug|Any CPU.ActiveCfg = Debug|Any CPU
		{E7E5427E-8D8E-4479-A724-0C6B81CDC1DC}.Debug|Any CPU.Build.0 = Debug|Any CPU
		{E7E5427E-8D8E-4479-A724-0C6B81CDC1DC}.Release|Any CPU.ActiveCfg = Release|Any CPU
		{E7E5427E-8D8E-4479-A724-0C6B81CDC1DC}.Release|Any CPU.Build.0 = Release|Any CPU
	EndGlobalSection
	GlobalSection(SolutionProperties) = preSolution
		HideSolutionNode = FALSE
	EndGlobalSection
	GlobalSection(NestedProjects) = preSolution
		{36347662-41D2-4B69-9922-47F24E7DCFAD} = {7DD09E5D-7A9D-4164-8FC9-61916582A5E0}
		{ADF6ABDF-F2DC-4280-992A-F5327ED8D5CA} = {7DD09E5D-7A9D-4164-8FC9-61916582A5E0}
		{74A63B4B-BC3C-4227-9360-2B74AAB57CDD} = {7DD09E5D-7A9D-4164-8FC9-61916582A5E0}
		{E7E5427E-8D8E-4479-A724-0C6B81CDC1DC} = {7DD09E5D-7A9D-4164-8FC9-61916582A5E0}
		{7DD09E5D-7A9D-4164-8FC9-61916582A5E0} = {A91A9BD1-A3E9-4F3B-9AE2-171973C30D13}
		{3AD66F09-0228-4078-8276-D6F62AB8D62D} = {A91A9BD1-A3E9-4F3B-9AE2-171973C30D13}
	EndGlobalSection
	GlobalSection(ExtensibilityGlobals) = postSolution
		SolutionGuid = {2CEA6A4B-B544-4B3D-BBB4-17C7775E91B6}
	EndGlobalSection
EndGlobal
