
Microsoft Visual Studio Solution File, Format Version 12.00
# Visual Studio Version 16
VisualStudioVersion = 16.0.30907.101
MinimumVisualStudioVersion = 10.0.40219.1
Project("{9A19103F-16F7-4668-BE54-9A1E7A4F7556}") = "KaspiLab_HW", "ConsoleApp\KaspiLab_HW.csproj", "{F7D85942-ABF7-4D57-BAF2-994717CBBFE8}"
EndProject
Project("{9A19103F-16F7-4668-BE54-9A1E7A4F7556}") = "KaspiLift", "..\..\Users\Nurtas\Desktop\KaspiLift\KaspiLift\KaspiLift.csproj", "{380700AC-C3A5-4180-AF7D-2EDDA718299E}"
EndProject
Global
	GlobalSection(SolutionConfigurationPlatforms) = preSolution
		Debug|Any CPU = Debug|Any CPU
		Release|Any CPU = Release|Any CPU
	EndGlobalSection
	GlobalSection(ProjectConfigurationPlatforms) = postSolution
		{F7D85942-ABF7-4D57-BAF2-994717CBBFE8}.Debug|Any CPU.ActiveCfg = Debug|Any CPU
		{F7D85942-ABF7-4D57-BAF2-994717CBBFE8}.Debug|Any CPU.Build.0 = Debug|Any CPU
		{F7D85942-ABF7-4D57-BAF2-994717CBBFE8}.Release|Any CPU.ActiveCfg = Release|Any CPU
		{F7D85942-ABF7-4D57-BAF2-994717CBBFE8}.Release|Any CPU.Build.0 = Release|Any CPU
		{380700AC-C3A5-4180-AF7D-2EDDA718299E}.Debug|Any CPU.ActiveCfg = Debug|Any CPU
		{380700AC-C3A5-4180-AF7D-2EDDA718299E}.Debug|Any CPU.Build.0 = Debug|Any CPU
		{380700AC-C3A5-4180-AF7D-2EDDA718299E}.Release|Any CPU.ActiveCfg = Release|Any CPU
		{380700AC-C3A5-4180-AF7D-2EDDA718299E}.Release|Any CPU.Build.0 = Release|Any CPU
	EndGlobalSection
	GlobalSection(SolutionProperties) = preSolution
		HideSolutionNode = FALSE
	EndGlobalSection
	GlobalSection(ExtensibilityGlobals) = postSolution
		SolutionGuid = {2CEA6A4B-B544-4B3D-BBB4-17C7775E91B6}
	EndGlobalSection
EndGlobal
